
Microsoft Visual Studio Solution File, Format Version 12.00
# Visual Studio Version 16
VisualStudioVersion = 16.0.31424.327
MinimumVisualStudioVersion = 10.0.40219.1
Project("{159641D6-6404-4A2A-AE62-294DE0FE8301}") = "SSIS_PkgTask", "SSIS_PkgTask.dtproj", "{7015A01C-761E-40A8-8564-6021ED6A73B2}"
EndProject
Global
	GlobalSection(SolutionConfigurationPlatforms) = preSolution
		Development|Default = Development|Default
	EndGlobalSection
	GlobalSection(ProjectConfigurationPlatforms) = postSolution
		{7015A01C-761E-40A8-8564-6021ED6A73B2}.Development|Default.ActiveCfg = Development
		{7015A01C-761E-40A8-8564-6021ED6A73B2}.Development|Default.Build.0 = Development
	EndGlobalSection
	GlobalSection(SolutionProperties) = preSolution
		HideSolutionNode = FALSE
	EndGlobalSection
	GlobalSection(ExtensibilityGlobals) = postSolution
		SolutionGuid = {47C0D688-788D-4260-8814-BC91DCB88E3A}
	EndGlobalSection
EndGlobal
